
Microsoft Visual Studio Solution File, Format Version 12.00
# Visual Studio Version 17
VisualStudioVersion = 17.11.35327.3
MinimumVisualStudioVersion = 10.0.40219.1
Project("{FAE04EC0-301F-11D3-BF4B-00C04F79EFBC}") = "GraphProj", "GraphProj.csproj", "{90641094-CB22-425B-B17A-96078D5ACA69}"
EndProject
Global
	GlobalSection(SolutionConfigurationPlatforms) = preSolution
		Debug|Any CPU = Debug|Any CPU
		Release|Any CPU = Release|Any CPU
	EndGlobalSection
	GlobalSection(ProjectConfigurationPlatforms) = postSolution
		{90641094-CB22-425B-B17A-96078D5ACA69}.Debug|Any CPU.ActiveCfg = Debug|Any CPU
		{90641094-CB22-425B-B17A-96078D5ACA69}.Debug|Any CPU.Build.0 = Debug|Any CPU
		{90641094-CB22-425B-B17A-96078D5ACA69}.Release|Any CPU.ActiveCfg = Release|Any CPU
		{90641094-CB22-425B-B17A-96078D5ACA69}.Release|Any CPU.Build.0 = Release|Any CPU
	EndGlobalSection
	GlobalSection(SolutionProperties) = preSolution
		HideSolutionNode = FALSE
	EndGlobalSection
	GlobalSection(ExtensibilityGlobals) = postSolution
		SolutionGuid = {98792F7A-0CF0-4E84-BD17-656BABA6AAFB}
	EndGlobalSection
EndGlobal
